
Microsoft Visual Studio Solution File, Format Version 12.00
# Visual Studio Version 16
VisualStudioVersion = 16.0.29306.81
MinimumVisualStudioVersion = 10.0.40219.1
Project("{FAE04EC0-301F-11D3-BF4B-00C04F79EFBC}") = "SW_COAL", "SW_COAL\SW_COAL.csproj", "{0BC31C36-57D4-4651-BF91-5FF191B6059E}"
EndProject
Project("{FAE04EC0-301F-11D3-BF4B-00C04F79EFBC}") = "CapaDatos", "CapaDatos\CapaDatos.csproj", "{1A478D39-DB6B-43F1-8267-D1B523C523E6}"
EndProject
Project("{FAE04EC0-301F-11D3-BF4B-00C04F79EFBC}") = "CapaModelo", "CapaModelo\CapaModelo.csproj", "{00CB4ECA-6C8F-4842-8E16-9D31883A6FD8}"
EndProject
Global
	GlobalSection(SolutionConfigurationPlatforms) = preSolution
		Debug|Any CPU = Debug|Any CPU
		Release|Any CPU = Release|Any CPU
	EndGlobalSection
	GlobalSection(ProjectConfigurationPlatforms) = postSolution
		{0BC31C36-57D4-4651-BF91-5FF191B6059E}.Debug|Any CPU.ActiveCfg = Debug|Any CPU
		{0BC31C36-57D4-4651-BF91-5FF191B6059E}.Debug|Any CPU.Build.0 = Debug|Any CPU
		{0BC31C36-57D4-4651-BF91-5FF191B6059E}.Release|Any CPU.ActiveCfg = Release|Any CPU
		{0BC31C36-57D4-4651-BF91-5FF191B6059E}.Release|Any CPU.Build.0 = Release|Any CPU
		{1A478D39-DB6B-43F1-8267-D1B523C523E6}.Debug|Any CPU.ActiveCfg = Debug|Any CPU
		{1A478D39-DB6B-43F1-8267-D1B523C523E6}.Debug|Any CPU.Build.0 = Debug|Any CPU
		{1A478D39-DB6B-43F1-8267-D1B523C523E6}.Release|Any CPU.ActiveCfg = Release|Any CPU
		{1A478D39-DB6B-43F1-8267-D1B523C523E6}.Release|Any CPU.Build.0 = Release|Any CPU
		{00CB4ECA-6C8F-4842-8E16-9D31883A6FD8}.Debug|Any CPU.ActiveCfg = Debug|Any CPU
		{00CB4ECA-6C8F-4842-8E16-9D31883A6FD8}.Debug|Any CPU.Build.0 = Debug|Any CPU
		{00CB4ECA-6C8F-4842-8E16-9D31883A6FD8}.Release|Any CPU.ActiveCfg = Release|Any CPU
		{00CB4ECA-6C8F-4842-8E16-9D31883A6FD8}.Release|Any CPU.Build.0 = Release|Any CPU
	EndGlobalSection
	GlobalSection(SolutionProperties) = preSolution
		HideSolutionNode = FALSE
	EndGlobalSection
	GlobalSection(ExtensibilityGlobals) = postSolution
		SolutionGuid = {F2571BB2-E759-4F6B-B40A-B08E6A68B2C7}
	EndGlobalSection
EndGlobal
